{
  "requires": true,
  "lockfileVersion": 1,
  "dependencies": {
    "react-native-scrypt": {
      "version": "1.0.0",
      "resolved": "http://r.cnpmjs.org/react-native-scrypt/download/react-native-scrypt-1.0.0.tgz",
      "integrity": "sha1-w5fJUfpTsKa4L22pgLs7CQzZYeQ="
    },
    "tsc": {
      "version": "1.20150623.0",
      "resolved": "http://r.cnpmjs.org/tsc/download/tsc-1.20150623.0.tgz",
      "integrity": "sha1-Trw8d04WkUjLx2inNCUz8ILHpuU="
    }
  }
}
